
Microsoft Visual Studio Solution File, Format Version 12.00
# Visual Studio Version 16
VisualStudioVersion = 16.0.31729.503
MinimumVisualStudioVersion = 10.0.40219.1
Project("{FAE04EC0-301F-11D3-BF4B-00C04F79EFBC}") = "palindrom_odevi", "palindrom_odevi\palindrom_odevi.csproj", "{864DAC0E-34F9-47CC-B1D0-3D043F140968}"
EndProject
Global
	GlobalSection(SolutionConfigurationPlatforms) = preSolution
		Debug|Any CPU = Debug|Any CPU
		Release|Any CPU = Release|Any CPU
	EndGlobalSection
	GlobalSection(ProjectConfigurationPlatforms) = postSolution
		{864DAC0E-34F9-47CC-B1D0-3D043F140968}.Debug|Any CPU.ActiveCfg = Debug|Any CPU
		{864DAC0E-34F9-47CC-B1D0-3D043F140968}.Debug|Any CPU.Build.0 = Debug|Any CPU
		{864DAC0E-34F9-47CC-B1D0-3D043F140968}.Release|Any CPU.ActiveCfg = Release|Any CPU
		{864DAC0E-34F9-47CC-B1D0-3D043F140968}.Release|Any CPU.Build.0 = Release|Any CPU
	EndGlobalSection
	GlobalSection(SolutionProperties) = preSolution
		HideSolutionNode = FALSE
	EndGlobalSection
	GlobalSection(ExtensibilityGlobals) = postSolution
		SolutionGuid = {E467F0D7-2A58-42CA-8C21-4659383F84FA}
	EndGlobalSection
EndGlobal
